
Microsoft Visual Studio Solution File, Format Version 12.00
# Visual Studio Version 16
VisualStudioVersion = 16.0.30611.23
MinimumVisualStudioVersion = 10.0.40219.1
Project("{FAE04EC0-301F-11D3-BF4B-00C04F79EFBC}") = "Test", "Test.csproj", "{67DF2966-4574-4B44-B842-AB2FAF17246B}"
EndProject
Project("{FAE04EC0-301F-11D3-BF4B-00C04F79EFBC}") = "ConsoleApp", "..\ConsoleApp\ConsoleApp.csproj", "{13122895-0E76-4305-8CB5-66E59B9D2A43}"
EndProject
Global
	GlobalSection(SolutionConfigurationPlatforms) = preSolution
		Debug|Any CPU = Debug|Any CPU
		Release|Any CPU = Release|Any CPU
	EndGlobalSection
	GlobalSection(ProjectConfigurationPlatforms) = postSolution
		{67DF2966-4574-4B44-B842-AB2FAF17246B}.Debug|Any CPU.ActiveCfg = Debug|Any CPU
		{67DF2966-4574-4B44-B842-AB2FAF17246B}.Debug|Any CPU.Build.0 = Debug|Any CPU
		{67DF2966-4574-4B44-B842-AB2FAF17246B}.Release|Any CPU.ActiveCfg = Release|Any CPU
		{67DF2966-4574-4B44-B842-AB2FAF17246B}.Release|Any CPU.Build.0 = Release|Any CPU
		{13122895-0E76-4305-8CB5-66E59B9D2A43}.Debug|Any CPU.ActiveCfg = Debug|Any CPU
		{13122895-0E76-4305-8CB5-66E59B9D2A43}.Debug|Any CPU.Build.0 = Debug|Any CPU
		{13122895-0E76-4305-8CB5-66E59B9D2A43}.Release|Any CPU.ActiveCfg = Release|Any CPU
		{13122895-0E76-4305-8CB5-66E59B9D2A43}.Release|Any CPU.Build.0 = Release|Any CPU
	EndGlobalSection
	GlobalSection(SolutionProperties) = preSolution
		HideSolutionNode = FALSE
	EndGlobalSection
	GlobalSection(ExtensibilityGlobals) = postSolution
		SolutionGuid = {41CE9007-719E-4BC2-BDA2-8003B7F77EE0}
	EndGlobalSection
EndGlobal
