
Microsoft Visual Studio Solution File, Format Version 12.00
# Visual Studio Version 16
VisualStudioVersion = 16.0.30621.155
MinimumVisualStudioVersion = 10.0.40219.1
Project("{FAE04EC0-301F-11D3-BF4B-00C04F79EFBC}") = "StuffyCare", "StuffyCare.csproj", "{87892A97-3EC0-4212-993F-4541DD6D75FA}"
EndProject
Global
	GlobalSection(SolutionConfigurationPlatforms) = preSolution
		Debug|Any CPU = Debug|Any CPU
		Release|Any CPU = Release|Any CPU
	EndGlobalSection
	GlobalSection(ProjectConfigurationPlatforms) = postSolution
		{87892A97-3EC0-4212-993F-4541DD6D75FA}.Debug|Any CPU.ActiveCfg = Debug|Any CPU
		{87892A97-3EC0-4212-993F-4541DD6D75FA}.Debug|Any CPU.Build.0 = Debug|Any CPU
		{87892A97-3EC0-4212-993F-4541DD6D75FA}.Release|Any CPU.ActiveCfg = Release|Any CPU
		{87892A97-3EC0-4212-993F-4541DD6D75FA}.Release|Any CPU.Build.0 = Release|Any CPU
	EndGlobalSection
	GlobalSection(SolutionProperties) = preSolution
		HideSolutionNode = FALSE
	EndGlobalSection
	GlobalSection(ExtensibilityGlobals) = postSolution
		SolutionGuid = {41FB9954-B72D-44D7-A0E5-BA53B5E5ACBB}
	EndGlobalSection
EndGlobal
